
Microsoft Visual Studio Solution File, Format Version 12.00
# Visual Studio Version 16
VisualStudioVersion = 25.0.1700.0
MinimumVisualStudioVersion = 10.0.40219.1
Project("{FAE04EC0-301F-11D3-BF4B-00C04F79EFBC}") = "cs10_paskaita_TicketingSys", "cs10_paskaita_TicketingSys\cs10_paskaita_TicketingSys.csproj", "{6F254C9D-12FB-469E-BA12-47B82049691B}"
EndProject
Global
	GlobalSection(SolutionConfigurationPlatforms) = preSolution
		Debug|Any CPU = Debug|Any CPU
		Release|Any CPU = Release|Any CPU
	EndGlobalSection
	GlobalSection(ProjectConfigurationPlatforms) = postSolution
		{6F254C9D-12FB-469E-BA12-47B82049691B}.Debug|Any CPU.ActiveCfg = Debug|Any CPU
		{6F254C9D-12FB-469E-BA12-47B82049691B}.Debug|Any CPU.Build.0 = Debug|Any CPU
		{6F254C9D-12FB-469E-BA12-47B82049691B}.Release|Any CPU.ActiveCfg = Release|Any CPU
		{6F254C9D-12FB-469E-BA12-47B82049691B}.Release|Any CPU.Build.0 = Release|Any CPU
	EndGlobalSection
	GlobalSection(SolutionProperties) = preSolution
		HideSolutionNode = FALSE
	EndGlobalSection
	GlobalSection(ExtensibilityGlobals) = postSolution
		SolutionGuid = {8E2AE0F3-3550-4362-A02A-B2B6E6A999C6}
	EndGlobalSection
EndGlobal
